// !$*UTF8*$!
{
	archiveVersion = 1;
	classes = {
	};
	objectVersion = 46;
	objects = {

/* Begin PBXBuildFile section */
		FBA752D01A831A7A007B247C /* main.m in Sources */ = {isa = PBXBuildFile; fileRef = FBA752CF1A831A7A007B247C /* main.m */; };
		FBA752D31A831A7A007B247C /* AppDelegate.m in Sources */ = {isa = PBXBuildFile; fileRef = FBA752D21A831A7A007B247C /* AppDelegate.m */; };
		FBA752D61A831A7A007B247C /* ViewController.m in Sources */ = {isa = PBXBuildFile; fileRef = FBA752D51A831A7A007B247C /* ViewController.m */; };
		FBA752D91A831A7A007B247C /* Main.storyboard in Resources */ = {isa = PBXBuildFile; fileRef = FBA752D71A831A7A007B247C /* Main.storyboard */; };
		FBA752DB1A831A7A007B247C /* Images.xcassets in Resources */ = {isa = PBXBuildFile; fileRef = FBA752DA1A831A7A007B247C /* Images.xcassets */; };
		FBA752DE1A831A7A007B247C /* LaunchScreen.xib in Resources */ = {isa = PBXBuildFile; fileRef = FBA752DC1A831A7A007B247C /* LaunchScreen.xib */; };
		FBA752EA1A831A7A007B247C /* QuizTests.m in Sources */ = {isa = PBXBuildFile; fileRef = FBA752E91A831A7A007B247C /* QuizTests.m */; };
/* End PBXBuildFile section */

/* Begin PBXContainerItemProxy section */
		FBA752E41A831A7A007B247C /* PBXContainerItemProxy */ = {
			isa = PBXContainerItemProxy;
			containerPortal = FBA752C21A831A7A007B247C /* Project object */;
			proxyType = 1;
			remoteGlobalIDString = FBA752C91A831A7A007B247C;
			remoteInfo = Quiz;
		};
/* End PBXContainerItemProxy section */

/* Begin PBXFileReference section */
		FBA752CA1A831A7A007B247C /* Quiz.app */ = {isa = PBXFileReference; explicitFileType = wrapper.application; includeInIndex = 0; path = Quiz.app; sourceTree = BUILT_PRODUCTS_DIR; };
		FBA752CE1A831A7A007B247C /* Info.plist */ = {isa = PBXFileReference; lastKnownFileType = text.plist.xml; path = Info.plist; sourceTree = "<group>"; };
		FBA752CF1A831A7A007B247C /* main.m */ = {isa = PBXFileReference; lastKnownFileType = sourcecode.c.objc; path = main.m; sourceTree = "<group>"; };
		FBA752D11A831A7A007B247C /* AppDelegate.h */ = {isa = PBXFileReference; lastKnownFileType = sourcecode.c.h; path = AppDelegate.h; sourceTree = "<group>"; };
		FBA752D21A831A7A007B247C /* AppDelegate.m */ = {isa = PBXFileReference; lastKnownFileType = sourcecode.c.objc; path = AppDelegate.m; sourceTree = "<group>"; };
		FBA752D41A831A7A007B247C /* ViewController.h */ = {isa = PBXFileReference; lastKnownFileType = sourcecode.c.h; path = ViewController.h; sourceTree = "<group>"; };
		FBA752D51A831A7A007B247C /* ViewController.m */ = {isa = PBXFileReference; lastKnownFileType = sourcecode.c.objc; path = ViewController.m; sourceTree = "<group>"; };
		FBA752D81A831A7A007B247C /* Base */ = {isa = PBXFileReference; lastKnownFileType = file.storyboard; name = Base; path = Base.lproj/Main.storyboard; sourceTree = "<group>"; };
		FBA752DA1A831A7A007B247C /* Images.xcassets */ = {isa = PBXFileReference; lastKnownFileType = folder.assetcatalog; path = Images.xcassets; sourceTree = "<group>"; };
		FBA752DD1A831A7A007B247C /* Base */ = {isa = PBXFileReference; lastKnownFileType = file.xib; name = Base; path = Base.lproj/LaunchScreen.xib; sourceTree = "<group>"; };
		FBA752E31A831A7A007B247C /* QuizTests.xctest */ = {isa = PBXFileReference; explicitFileType = wrapper.cfbundle; includeInIndex = 0; path = QuizTests.xctest; sourceTree = BUILT_PRODUCTS_DIR; };
		FBA752E81A831A7A007B247C /* Info.plist */ = {isa = PBXFileReference; lastKnownFileType = text.plist.xml; path = Info.plist; sourceTree = "<group>"; };
		FBA752E91A831A7A007B247C /* QuizTests.m */ = {isa = PBXFileReference; lastKnownFileType = sourcecode.c.objc; path = QuizTests.m; sourceTree = "<group>"; };
/* End PBXFileReference section */

/* Begin PBXFrameworksBuildPhase section */
		FBA752C71A831A7A007B247C /* Frameworks */ = {
			isa = PBXFrameworksBuildPhase;
			buildActionMask = 2147483647;
			files = (
			);
			runOnlyForDeploymentPostprocessing = 0;
		};
		FBA752E01A831A7A007B247C /* Frameworks */ = {
			isa = PBXFrameworksBuildPhase;
			buildActionMask = 2147483647;
			files = (
			);
			runOnlyForDeploymentPostprocessing = 0;
		};
/* End PBXFrameworksBuildPhase section */

/* Begin PBXGroup section */
		FBA752C11A831A7A007B247C = {
			isa = PBXGroup;
			children = (
				FBA752CC1A831A7A007B247C /* Quiz */,
				FBA752E61A831A7A007B247C /* QuizTests */,
				FBA752CB1A831A7A007B247C /* Products */,
			);
			sourceTree = "<group>";
		};
		FBA752CB1A831A7A007B247C /* Products */ = {
			isa = PBXGroup;
			children = (
				FBA752CA1A831A7A007B247C /* Quiz.app */,
				FBA752E31A831A7A007B247C /* QuizTests.xctest */,
			);
			name = Products;
			sourceTree = "<group>";
		};
		FBA752CC1A831A7A007B247C /* Quiz */ = {
			isa = PBXGroup;
			children = (
				FBA752D11A831A7A007B247C /* AppDelegate.h */,
				FBA752D21A831A7A007B247C /* AppDelegate.m */,
				FBA752D41A831A7A007B247C /* ViewController.h */,
				FBA752D51A831A7A007B247C /* ViewController.m */,
				FBA752D71A831A7A007B247C /* Main.storyboard */,
				FBA752DA1A831A7A007B247C /* Images.xcassets */,
				FBA752DC1A831A7A007B247C /* LaunchScreen.xib */,
				FBA752CD1A831A7A007B247C /* Supporting Files */,
			);
			path = Quiz;
			sourceTree = "<group>";
		};
		FBA752CD1A831A7A007B247C /* Supporting Files */ = {
			isa = PBXGroup;
			children = (
				FBA752CE1A831A7A007B247C /* Info.plist */,
				FBA752CF1A831A7A007B247C /* main.m */,
			);
			name = "Supporting Files";
			sourceTree = "<group>";
		};
		FBA752E61A831A7A007B247C /* QuizTests */ = {
			isa = PBXGroup;
			children = (
				FBA752E91A831A7A007B247C /* QuizTests.m */,
				FBA752E71A831A7A007B247C /* Supporting Files */,
			);
			path = QuizTests;
			sourceTree = "<group>";
		};
		FBA752E71A831A7A007B247C /* Supporting Files */ = {
			isa = PBXGroup;
			children = (
				FBA752E81A831A7A007B247C /* Info.plist */,
			);
			name = "Supporting Files";
			sourceTree = "<group>";
		};
/* End PBXGroup section */

/* Begin PBXNativeTarget section */
		FBA752C91A831A7A007B247C /* Quiz */ = {
			isa = PBXNativeTarget;
			buildConfigurationList = FBA752ED1A831A7A007B247C /* Build configuration list for PBXNativeTarget "Quiz" */;
			buildPhases = (
				FBA752C61A831A7A007B247C /* Sources */,
				FBA752C71A831A7A007B247C /* Frameworks */,
				FBA752C81A831A7A007B247C /* Resources */,
			);
			buildRules = (
			);
			dependencies = (
			);
			name = Quiz;
			productName = Quiz;
			productReference = FBA752CA1A831A7A007B247C /* Quiz.app */;
			productType = "com.apple.product-type.application";
		};
		FBA752E21A831A7A007B247C /* QuizTests */ = {
			isa = PBXNativeTarget;
			buildConfigurationList = FBA752F01A831A7A007B247C /* Build configuration list for PBXNativeTarget "QuizTests" */;
			buildPhases = (
				FBA752DF1A831A7A007B247C /* Sources */,
				FBA752E01A831A7A007B247C /* Frameworks */,
				FBA752E11A831A7A007B247C /* Resources */,
			);
			buildRules = (
			);
			dependencies = (
				FBA752E51A831A7A007B247C /* PBXTargetDependency */,
			);
			name = QuizTests;
			productName = QuizTests;
			productReference = FBA752E31A831A7A007B247C /* QuizTests.xctest */;
			productType = "com.apple.product-type.bundle.unit-test";
		};
/* End PBXNativeTarget section */

/* Begin PBXProject section */
		FBA752C21A831A7A007B247C /* Project object */ = {
			isa = PBXProject;
			attributes = {
				LastUpgradeCheck = 0610;
				ORGANIZATIONNAME = "Big Nerd Ranch";
				TargetAttributes = {
					FBA752C91A831A7A007B247C = {
						CreatedOnToolsVersion = 6.1.1;
					};
					FBA752E21A831A7A007B247C = {
						CreatedOnToolsVersion = 6.1.1;
						TestTargetID = FBA752C91A831A7A007B247C;
					};
				};
			};
			buildConfigurationList = FBA752C51A831A7A007B247C /* Build configuration list for PBXProject "Quiz" */;
			compatibilityVersion = "Xcode 3.2";
			developmentRegion = English;
			hasScannedForEncodings = 0;
			knownRegions = (
				en,
				Base,
			);
			mainGroup = FBA752C11A831A7A007B247C;
			productRefGroup = FBA752CB1A831A7A007B247C /* Products */;
			projectDirPath = "";
			projectRoot = "";
			targets = (
				FBA752C91A831A7A007B247C /* Quiz */,
				FBA752E21A831A7A007B247C /* QuizTests */,
			);
		};
/* End PBXProject section */

/* Begin PBXResourcesBuildPhase section */
		FBA752C81A831A7A007B247C /* Resources */ = {
			isa = PBXResourcesBuildPhase;
			buildActionMask = 2147483647;
			files = (
				FBA752D91A831A7A007B247C /* Main.storyboard in Resources */,
				FBA752DE1A831A7A007B247C /* LaunchScreen.xib in Resources */,
				FBA752DB1A831A7A007B247C /* Images.xcassets in Resources */,
			);
			runOnlyForDeploymentPostprocessing = 0;
		};
		FBA752E11A831A7A007B247C /* Resources */ = {
			isa = PBXResourcesBuildPhase;
			buildActionMask = 2147483647;
			files = (
			);
			runOnlyForDeploymentPostprocessing = 0;
		};
/* End PBXResourcesBuildPhase section */

/* Begin PBXSourcesBuildPhase section */
		FBA752C61A831A7A007B247C /* Sources */ = {
			isa = PBXSourcesBuildPhase;
			buildActionMask = 2147483647;
			files = (
				FBA752D61A831A7A007B247C /* ViewController.m in Sources */,
				FBA752D31A831A7A007B247C /* AppDelegate.m in Sources */,
				FBA752D01A831A7A007B247C /* main.m in Sources */,
			);
			runOnlyForDeploymentPostprocessing = 0;
		};
		FBA752DF1A831A7A007B247C /* Sources */ = {
			isa = PBXSourcesBuildPhase;
			buildActionMask = 2147483647;
			files = (
				FBA752EA1A831A7A007B247C /* QuizTests.m in Sources */,
			);
			runOnlyForDeploymentPostprocessing = 0;
		};
/* End PBXSourcesBuildPhase section */

/* Begin PBXTargetDependency section */
		FBA752E51A831A7A007B247C /* PBXTargetDependency */ = {
			isa = PBXTargetDependency;
			target = FBA752C91A831A7A007B247C /* Quiz */;
			targetProxy = FBA752E41A831A7A007B247C /* PBXContainerItemProxy */;
		};
/* End PBXTargetDependency section */

/* Begin PBXVariantGroup section */
		FBA752D71A831A7A007B247C /* Main.storyboard */ = {
			isa = PBXVariantGroup;
			children = (
				FBA752D81A831A7A007B247C /* Base */,
			);
			name = Main.storyboard;
			sourceTree = "<group>";
		};
		FBA752DC1A831A7A007B247C /* LaunchScreen.xib */ = {
			isa = PBXVariantGroup;
			children = (
				FBA752DD1A831A7A007B247C /* Base */,
			);
			name = LaunchScreen.xib;
			sourceTree = "<group>";
		};
/* End PBXVariantGroup section */

/* Begin XCBuildConfiguration section */
		FBA752EB1A831A7A007B247C /* Debug */ = {
			isa = XCBuildConfiguration;
			buildSettings = {
				ALWAYS_SEARCH_USER_PATHS = NO;
				CLANG_CXX_LANGUAGE_STANDARD = "gnu++0x";
				CLANG_CXX_LIBRARY = "libc++";
				CLANG_ENABLE_MODULES = YES;
				CLANG_ENABLE_OBJC_ARC = YES;
				CLANG_WARN_BOOL_CONVERSION = YES;
				CLANG_WARN_CONSTANT_CONVERSION = YES;
				CLANG_WARN_DIRECT_OBJC_ISA_USAGE = YES_ERROR;
				CLANG_WARN_EMPTY_BODY = YES;
				CLANG_WARN_ENUM_CONVERSION = YES;
				CLANG_WARN_INT_CONVERSION = YES;
				CLANG_WARN_OBJC_ROOT_CLASS = YES_ERROR;
				CLANG_WARN_UNREACHABLE_CODE = YES;
				CLANG_WARN__DUPLICATE_METHOD_MATCH = YES;
				"CODE_SIGN_IDENTITY[sdk=iphoneos*]" = "iPhone Developer";
				COPY_PHASE_STRIP = NO;
				ENABLE_STRICT_OBJC_MSGSEND = YES;
				GCC_C_LANGUAGE_STANDARD = gnu99;
				GCC_DYNAMIC_NO_PIC = NO;
				GCC_OPTIMIZATION_LEVEL = 0;
				GCC_PREPROCESSOR_DEFINITIONS = (
					"DEBUG=1",
					"$(inherited)",
				);
				GCC_SYMBOLS_PRIVATE_EXTERN = NO;
				GCC_WARN_64_TO_32_BIT_CONVERSION = YES;
				GCC_WARN_ABOUT_RETURN_TYPE = YES_ERROR;
				GCC_WARN_UNDECLARED_SELECTOR = YES;
				GCC_WARN_UNINITIALIZED_AUTOS = YES_AGGRESSIVE;
				GCC_WARN_UNUSED_FUNCTION = YES;
				GCC_WARN_UNUSED_VARIABLE = YES;
				IPHONEOS_DEPLOYMENT_TARGET = 8.1;
				MTL_ENABLE_DEBUG_INFO = YES;
				ONLY_ACTIVE_ARCH = YES;
				SDKROOT = iphoneos;
			};
			name = Debug;
		};
		FBA752EC1A831A7A007B247C /* Release */ = {
			isa = XCBuildConfiguration;
			buildSettings = {
				ALWAYS_SEARCH_USER_PATHS = NO;
				CLANG_CXX_LANGUAGE_STANDARD = "gnu++0x";
				CLANG_CXX_LIBRARY = "libc++";
				CLANG_ENABLE_MODULES = YES;
				CLANG_ENABLE_OBJC_ARC = YES;
				CLANG_WARN_BOOL_CONVERSION = YES;
				CLANG_WARN_CONSTANT_CONVERSION = YES;
				CLANG_WARN_DIRECT_OBJC_ISA_USAGE = YES_ERROR;
				CLANG_WARN_EMPTY_BODY = YES;
				CLANG_WARN_ENUM_CONVERSION = YES;
				CLANG_WARN_INT_CONVERSION = YES;
				CLANG_WARN_OBJC_ROOT_CLASS = YES_ERROR;
				CLANG_WARN_UNREACHABLE_CODE = YES;
				CLANG_WARN__DUPLICATE_METHOD_MATCH = YES;
				"CODE_SIGN_IDENTITY[sdk=iphoneos*]" = "iPhone Developer";
				COPY_PHASE_STRIP = YES;
				ENABLE_NS_ASSERTIONS = NO;
				ENABLE_STRICT_OBJC_MSGSEND = YES;
				GCC_C_LANGUAGE_STANDARD = gnu99;
				GCC_WARN_64_TO_32_BIT_CONVERSION = YES;
				GCC_WARN_ABOUT_RETURN_TYPE = YES_ERROR;
				GCC_WARN_UNDECLARED_SELECTOR = YES;
				GCC_WARN_UNINITIALIZED_AUTOS = YES_AGGRESSIVE;
				GCC_WARN_UNUSED_FUNCTION = YES;
				GCC_WARN_UNUSED_VARIABLE = YES;
				IPHONEOS_DEPLOYMENT_TARGET = 8.1;
				MTL_ENABLE_DEBUG_INFO = NO;
				SDKROOT = iphoneos;
				VALIDATE_PRODUCT = YES;
			};
			name = Release;
		};
		FBA752EE1A831A7A007B247C /* Debug */ = {
			isa = XCBuildConfiguration;
			buildSettings = {
				ASSETCATALOG_COMPILER_APPICON_NAME = AppIcon;
				INFOPLIST_FILE = Quiz/Info.plist;
				LD_RUNPATH_SEARCH_PATHS = "$(inherited) @executable_path/Frameworks";
				PRODUCT_NAME = "$(TARGET_NAME)";
			};
			name = Debug;
		};
		FBA752EF1A831A7A007B247C /* Release */ = {
			isa = XCBuildConfiguration;
			buildSettings = {
				ASSETCATALOG_COMPILER_APPICON_NAME = AppIcon;
				INFOPLIST_FILE = Quiz/Info.plist;
				LD_RUNPATH_SEARCH_PATHS = "$(inherited) @executable_path/Frameworks";
				PRODUCT_NAME = "$(TARGET_NAME)";
			};
			name = Release;
		};
		FBA752F11A831A7A007B247C /* Debug */ = {
			isa = XCBuildConfiguration;
			buildSettings = {
				BUNDLE_LOADER = "$(TEST_HOST)";
				FRAMEWORK_SEARCH_PATHS = (
					"$(SDKROOT)/Developer/Library/Frameworks",
					"$(inherited)",
				);
				GCC_PREPROCESSOR_DEFINITIONS = (
					"DEBUG=1",
					"$(inherited)",
				);
				INFOPLIST_FILE = QuizTests/Info.plist;
				LD_RUNPATH_SEARCH_PATHS = "$(inherited) @executable_path/Frameworks @loader_path/Frameworks";
				PRODUCT_NAME = "$(TARGET_NAME)";
				TEST_HOST = "$(BUILT_PRODUCTS_DIR)/Quiz.app/Quiz";
			};
			name = Debug;
		};
		FBA752F21A831A7A007B247C /* Release */ = {
			isa = XCBuildConfiguration;
			buildSettings = {
				BUNDLE_LOADER = "$(TEST_HOST)";
				FRAMEWORK_SEARCH_PATHS = (
					"$(SDKROOT)/Developer/Library/Frameworks",
					"$(inherited)",
				);
				INFOPLIST_FILE = QuizTests/Info.plist;
				LD_RUNPATH_SEARCH_PATHS = "$(inherited) @executable_path/Frameworks @loader_path/Frameworks";
				PRODUCT_NAME = "$(TARGET_NAME)";
				TEST_HOST = "$(BUILT_PRODUCTS_DIR)/Quiz.app/Quiz";
			};
			name = Release;
		};
/* End XCBuildConfiguration section */

/* Begin XCConfigurationList section */
		FBA752C51A831A7A007B247C /* Build configuration list for PBXProject "Quiz" */ = {
			isa = XCConfigurationList;
			buildConfigurations = (
				FBA752EB1A831A7A007B247C /* Debug */,
				FBA752EC1A831A7A007B247C /* Release */,
			);
			defaultConfigurationIsVisible = 0;
			defaultConfigurationName = Release;
		};
		FBA752ED1A831A7A007B247C /* Build configuration list for PBXNativeTarget "Quiz" */ = {
			isa = XCConfigurationList;
			buildConfigurations = (
				FBA752EE1A831A7A007B247C /* Debug */,
				FBA752EF1A831A7A007B247C /* Release */,
			);
			defaultConfigurationIsVisible = 0;
		};
		FBA752F01A831A7A007B247C /* Build configuration list for PBXNativeTarget "QuizTests" */ = {
			isa = XCConfigurationList;
			buildConfigurations = (
				FBA752F11A831A7A007B247C /* Debug */,
				FBA752F21A831A7A007B247C /* Release */,
			);
			defaultConfigurationIsVisible = 0;
		};
/* End XCConfigurationList section */
	};
	rootObject = FBA752C21A831A7A007B247C /* Project object */;
}
